
Microsoft Visual Studio Solution File, Format Version 12.00
# Visual Studio Version 16
VisualStudioVersion = 16.0.29920.165
MinimumVisualStudioVersion = 10.0.40219.1
Project("{FAE04EC0-301F-11D3-BF4B-00C04F79EFBC}") = "EmailSending.Console", "EmailSending.Console\EmailSending.Console.csproj", "{53048940-BD15-489C-AF57-0DB05B33C7A7}"
EndProject
Global
	GlobalSection(SolutionConfigurationPlatforms) = preSolution
		Debug|Any CPU = Debug|Any CPU
		Release|Any CPU = Release|Any CPU
	EndGlobalSection
	GlobalSection(ProjectConfigurationPlatforms) = postSolution
		{53048940-BD15-489C-AF57-0DB05B33C7A7}.Debug|Any CPU.ActiveCfg = Debug|Any CPU
		{53048940-BD15-489C-AF57-0DB05B33C7A7}.Debug|Any CPU.Build.0 = Debug|Any CPU
		{53048940-BD15-489C-AF57-0DB05B33C7A7}.Release|Any CPU.ActiveCfg = Release|Any CPU
		{53048940-BD15-489C-AF57-0DB05B33C7A7}.Release|Any CPU.Build.0 = Release|Any CPU
	EndGlobalSection
	GlobalSection(SolutionProperties) = preSolution
		HideSolutionNode = FALSE
	EndGlobalSection
	GlobalSection(ExtensibilityGlobals) = postSolution
		SolutionGuid = {B0CB2386-1CA6-425D-8464-A851029B31E5}
	EndGlobalSection
EndGlobal
